
Microsoft Visual Studio Solution File, Format Version 11.00
# Visual Studio 2010
Project("{FAE04EC0-301F-11D3-BF4B-00C04F79EFBC}") = "my-fi-stock", "my-fi-stock.csproj", "{52A1A687-A8AC-4FDD-A267-F40DA779F98E}"
EndProject
Project("{FAE04EC0-301F-11D3-BF4B-00C04F79EFBC}") = "Test", "Test\Test.csproj", "{F5088DCF-09BB-426B-B524-2421F82715E1}"
EndProject
Global
	GlobalSection(SolutionConfigurationPlatforms) = preSolution
		Debug|Any CPU = Debug|Any CPU
		Release|Any CPU = Release|Any CPU
	EndGlobalSection
	GlobalSection(ProjectConfigurationPlatforms) = postSolution
		{52A1A687-A8AC-4FDD-A267-F40DA779F98E}.Debug|Any CPU.ActiveCfg = Debug|Any CPU
		{52A1A687-A8AC-4FDD-A267-F40DA779F98E}.Debug|Any CPU.Build.0 = Debug|Any CPU
		{52A1A687-A8AC-4FDD-A267-F40DA779F98E}.Release|Any CPU.ActiveCfg = Release|Any CPU
		{52A1A687-A8AC-4FDD-A267-F40DA779F98E}.Release|Any CPU.Build.0 = Release|Any CPU
		{F5088DCF-09BB-426B-B524-2421F82715E1}.Debug|Any CPU.ActiveCfg = Debug|Any CPU
		{F5088DCF-09BB-426B-B524-2421F82715E1}.Debug|Any CPU.Build.0 = Debug|Any CPU
		{F5088DCF-09BB-426B-B524-2421F82715E1}.Release|Any CPU.ActiveCfg = Release|Any CPU
		{F5088DCF-09BB-426B-B524-2421F82715E1}.Release|Any CPU.Build.0 = Release|Any CPU
	EndGlobalSection
EndGlobal
